# This file is generated by running "yarn install" inside your project.
# Manual changes might be lost - proceed with caution!

__metadata:
  version: 5
  cacheKey: 8

"data-uri-to-buffer@npm:^4.0.0":
  version: 4.0.0
  resolution: "data-uri-to-buffer@npm:4.0.0"
  checksum: a010653869abe8bb51259432894ac62c52bf79ad761d418d94396f48c346f2ae739c46b254e8bb5987bded8a653d467db1968db3a69bab1d33aa5567baa5cfc7
  languageName: node
  linkType: hard

"fetch-blob@npm:^3.1.2, fetch-blob@npm:^3.1.4":
  version: 3.1.5
  resolution: "fetch-blob@npm:3.1.5"
  dependencies:
    node-domexception: ^1.0.0
    web-streams-polyfill: ^3.0.3
  checksum: 6493f21bfe196798343431d20c0284835202728d076dd2cbf502a2846679f9265f3b0c3a7224750ae1a770b925da09e592b05fe7c3a22ca27794a39a0039ab21
  languageName: node
  linkType: hard

"formdata-polyfill@npm:^4.0.10":
  version: 4.0.10
  resolution: "formdata-polyfill@npm:4.0.10"
  dependencies:
    fetch-blob: ^3.1.2
  checksum: 82a34df292afadd82b43d4a740ce387bc08541e0a534358425193017bf9fb3567875dc5f69564984b1da979979b70703aa73dee715a17b6c229752ae736dd9db
  languageName: node
  linkType: hard

"node-domexception@npm:^1.0.0":
  version: 1.0.0
  resolution: "node-domexception@npm:1.0.0"
  checksum: ee1d37dd2a4eb26a8a92cd6b64dfc29caec72bff5e1ed9aba80c294f57a31ba4895a60fd48347cf17dd6e766da0ae87d75657dfd1f384ebfa60462c2283f5c7f
  languageName: node
  linkType: hard

"node-fetch@npm:^3.1.1":
  version: 3.2.3
  resolution: "node-fetch@npm:3.2.3"
  dependencies:
    data-uri-to-buffer: ^4.0.0
    fetch-blob: ^3.1.4
    formdata-polyfill: ^4.0.10
  checksum: 6f702b2683d6e1c097e99888bedaac4625d6895f2a8a60573a2bc04916f5577ea61d274f26e308c08cfb724b23d45de7d3514c14b59e0293e9809c66c88ac12c
  languageName: node
  linkType: hard

"saturn-ui-prod-deploy@workspace:.":
  version: 0.0.0-use.local
  resolution: "saturn-ui-prod-deploy@workspace:."
  dependencies:
    node-fetch: ^3.1.1
  languageName: unknown
  linkType: soft

"web-streams-polyfill@npm:^3.0.3":
  version: 3.2.1
  resolution: "web-streams-polyfill@npm:3.2.1"
  checksum: b119c78574b6d65935e35098c2afdcd752b84268e18746606af149e3c424e15621b6f1ff0b42b2676dc012fc4f0d313f964b41a4b5031e525faa03997457da02
  languageName: node
  linkType: hard
